{
  "name": "hospital_v.5",
  "version": "1.0.0",
  "lockfileVersion": 3,
  "requires": true,
  "packages": {
    "": {
      "name": "hospital_v.5",
      "version": "1.0.0",
      "license": "ISC",
      "dependencies": {
        "bootstrap": "^5.3.3",
        "node.js": "^0.0.1-security"
      },
      "devDependencies": {}
    },
    "node_modules/@popperjs/core": {
      "version": "2.11.8",
      "license": "MIT",
      "peer": true,
      "funding": {
        "type": "opencollective",
        "url": "https://opencollective.com/popperjs"
      }
    },
    "node_modules/bootstrap": {
      "version": "5.3.3",
      "funding": [
        {
          "type": "github",
          "url": "https://github.com/sponsors/twbs"
        },
        {
          "type": "opencollective",
          "url": "https://opencollective.com/bootstrap"
        }
      ],
      "license": "MIT",
      "peerDependencies": {
        "@popperjs/core": "^2.11.8"
      }
    },
    "node_modules/node.js": {
      "version": "0.0.1-security",
      "resolved": "https://registry.npmjs.org/node.js/-/node.js-0.0.1-security.tgz",
      "integrity": "sha512-8tWQiyg/3ggdLTrtfgj/NxmZpC20eB1U5VNkqt2dbelpcr3NrfjpEE3DgifpBOCJ4Xu9Obvu8iju63ViQW3Hvg=="
    }
  }
}
