{
  "name": "hospital_v.5",
  "version": "1.0.0",
  "lockfileVersion": 3,
  "requires": true,
  "type": "module",
  "packages": {
    "": {
      "name": "hospital_v.5",
      "version": "1.0.0",
      "license": "ISC",
      "dependencies": {
        "@shopify/shopify-app-remix": "2.8.0",
        "bootstrap": "^5.3.3",
        "node.js": "^0.0.1-security"
      }
    },
    "node_modules/@popperjs/core": {
      "version": "2.11.8",
      "license": "MIT",
      "peer": true,
      "funding": {
        "type": "opencollective",
        "url": "https://opencollective.com/popperjs"
      }
    },
    "node_modules/@remix-run/node": {
      "version": "2.15.0",
      "resolved": "https://registry.npmjs.org/@remix-run/node/-/node-2.15.0.tgz",
      "integrity": "sha512-tWbR7pQ6gwj+MkGf6WVIYnjgfGfpdU8EOIa6xsCIRlrm0p3BtMz4jA3GvBWEpOuEnN5MV7CarVzhduaRzkZ0SQ==",
      "license": "MIT",
      "dependencies": {
        "@remix-run/server-runtime": "2.15.0",
        "@remix-run/web-fetch": "^4.4.2",
        "@web3-storage/multipart-parser": "^1.0.0",
        "cookie-signature": "^1.1.0",
        "source-map-support": "^0.5.21",
        "stream-slice": "^0.1.2",
        "undici": "^6.11.1"
      },
      "engines": {
        "node": ">=18.0.0"
      },
      "peerDependencies": {
        "typescript": "^5.1.0"
      },
      "peerDependenciesMeta": {
        "typescript": {
          "optional": true
        }
      }
    },
    "node_modules/@remix-run/react": {
      "version": "2.15.0",
      "resolved": "https://registry.npmjs.org/@remix-run/react/-/react-2.15.0.tgz",
      "integrity": "sha512-puqDbi9N/WfaUhzDnw2pACXtCB7ukrtFJ9ILwpEuhlaTBpjefifJ89igokW+tt1ePphIFMivAm/YspcbZdCQsA==",
      "license": "MIT",
      "peer": true,
      "dependencies": {
        "@remix-run/router": "1.21.0",
        "@remix-run/server-runtime": "2.15.0",
        "react-router": "6.28.0",
        "react-router-dom": "6.28.0",
        "turbo-stream": "2.4.0"
      },
      "engines": {
        "node": ">=18.0.0"
      },
      "peerDependencies": {
        "react": "^18.0.0",
        "react-dom": "^18.0.0",
        "typescript": "^5.1.0"
      },
      "peerDependenciesMeta": {
        "typescript": {
          "optional": true
        }
      }
    },
    "node_modules/@remix-run/router": {
      "version": "1.21.0",
      "resolved": "https://registry.npmjs.org/@remix-run/router/-/router-1.21.0.tgz",
      "integrity": "sha512-xfSkCAchbdG5PnbrKqFWwia4Bi61nH+wm8wLEqfHDyp7Y3dZzgqS2itV8i4gAq9pC2HsTpwyBC6Ds8VHZ96JlA==",
      "license": "MIT",
      "engines": {
        "node": ">=14.0.0"
      }
    },
    "node_modules/@remix-run/server-runtime": {
      "version": "2.15.0",
      "resolved": "https://registry.npmjs.org/@remix-run/server-runtime/-/server-runtime-2.15.0.tgz",
      "integrity": "sha512-FuM8vAg1sPskf4wn0ivbuj/7s9Qdh2wnKu+sVXqYz0a95gH5b73TuMzk6n3NMSkFVKKc6+UmlG1WLYre7L2LTg==",
      "license": "MIT",
      "dependencies": {
        "@remix-run/router": "1.21.0",
        "@types/cookie": "^0.6.0",
        "@web3-storage/multipart-parser": "^1.0.0",
        "cookie": "^0.6.0",
        "set-cookie-parser": "^2.4.8",
        "source-map": "^0.7.3",
        "turbo-stream": "2.4.0"
      },
      "engines": {
        "node": ">=18.0.0"
      },
      "peerDependencies": {
        "typescript": "^5.1.0"
      },
      "peerDependenciesMeta": {
        "typescript": {
          "optional": true
        }
      }
    },
    "node_modules/@remix-run/web-blob": {
      "version": "3.1.0",
      "resolved": "https://registry.npmjs.org/@remix-run/web-blob/-/web-blob-3.1.0.tgz",
      "integrity": "sha512-owGzFLbqPH9PlKb8KvpNJ0NO74HWE2euAn61eEiyCXX/oteoVzTVSN8mpLgDjaxBf2btj5/nUllSUgpyd6IH6g==",
      "license": "MIT",
      "dependencies": {
        "@remix-run/web-stream": "^1.1.0",
        "web-encoding": "1.1.5"
      }
    },
    "node_modules/@remix-run/web-fetch": {
      "version": "4.4.2",
      "resolved": "https://registry.npmjs.org/@remix-run/web-fetch/-/web-fetch-4.4.2.tgz",
      "integrity": "sha512-jgKfzA713/4kAW/oZ4bC3MoLWyjModOVDjFPNseVqcJKSafgIscrYL9G50SurEYLswPuoU3HzSbO0jQCMYWHhA==",
      "license": "MIT",
      "dependencies": {
        "@remix-run/web-blob": "^3.1.0",
        "@remix-run/web-file": "^3.1.0",
        "@remix-run/web-form-data": "^3.1.0",
        "@remix-run/web-stream": "^1.1.0",
        "@web3-storage/multipart-parser": "^1.0.0",
        "abort-controller": "^3.0.0",
        "data-uri-to-buffer": "^3.0.1",
        "mrmime": "^1.0.0"
      },
      "engines": {
        "node": "^10.17 || >=12.3"
      }
    },
    "node_modules/@remix-run/web-file": {
      "version": "3.1.0",
      "resolved": "https://registry.npmjs.org/@remix-run/web-file/-/web-file-3.1.0.tgz",
      "integrity": "sha512-dW2MNGwoiEYhlspOAXFBasmLeYshyAyhIdrlXBi06Duex5tDr3ut2LFKVj7tyHLmn8nnNwFf1BjNbkQpygC2aQ==",
      "license": "MIT",
      "dependencies": {
        "@remix-run/web-blob": "^3.1.0"
      }
    },
    "node_modules/@remix-run/web-form-data": {
      "version": "3.1.0",
      "resolved": "https://registry.npmjs.org/@remix-run/web-form-data/-/web-form-data-3.1.0.tgz",
      "integrity": "sha512-NdeohLMdrb+pHxMQ/Geuzdp0eqPbea+Ieo8M8Jx2lGC6TBHsgHzYcBvr0LyPdPVycNRDEpWpiDdCOdCryo3f9A==",
      "license": "MIT",
      "dependencies": {
        "web-encoding": "1.1.5"
      }
    },
    "node_modules/@remix-run/web-stream": {
      "version": "1.1.0",
      "resolved": "https://registry.npmjs.org/@remix-run/web-stream/-/web-stream-1.1.0.tgz",
      "integrity": "sha512-KRJtwrjRV5Bb+pM7zxcTJkhIqWWSy+MYsIxHK+0m5atcznsf15YwUBWHWulZerV2+vvHH1Lp1DD7pw6qKW8SgA==",
      "license": "MIT",
      "dependencies": {
        "web-streams-polyfill": "^3.1.1"
      }
    },
    "node_modules/@shopify/admin-api-client": {
      "version": "0.2.9",
      "resolved": "https://registry.npmjs.org/@shopify/admin-api-client/-/admin-api-client-0.2.9.tgz",
      "integrity": "sha512-0K/P6e4bofCyk5BQ1OCiw9bq2d2hlxHM3B8FQEQclyMyU/b3oMowhy56sOQQODViaiZoDH/atmeWJwOX1di0Qg==",
      "license": "MIT",
      "dependencies": {
        "@shopify/graphql-client": "^0.10.4"
      }
    },
    "node_modules/@shopify/graphql-client": {
      "version": "0.10.4",
      "resolved": "https://registry.npmjs.org/@shopify/graphql-client/-/graphql-client-0.10.4.tgz",
      "integrity": "sha512-wbor9lk+GrdvCYnQBY0R/PuEVmOedwZQR0ld4zp1DB6eGaEpuoO5kPB4fk+Kz65mFD9hi2KqK6Nu7/ICsIJSHg==",
      "license": "MIT"
    },
    "node_modules/@shopify/network": {
      "version": "3.3.0",
      "resolved": "https://registry.npmjs.org/@shopify/network/-/network-3.3.0.tgz",
      "integrity": "sha512-Lln7vglzLK9KiYhl9ucQFVM7ArlpUM21xkDriBX8kVrqsoBsi+4vFIjf1wjhNPT0J/zHMjky7jiTnxVfdm+xXw==",
      "license": "MIT",
      "engines": {
        "node": ">=18.12.0"
      }
    },
    "node_modules/@shopify/shopify-api": {
      "version": "9.7.2",
      "resolved": "https://registry.npmjs.org/@shopify/shopify-api/-/shopify-api-9.7.2.tgz",
      "integrity": "sha512-EZn3xPnB8ftqlse1m2PQBsKLIczd/sor01kImqMW65dPkSYCufEdK54QP7AH/anj2vkYJXVKdGqMunzQWrJAoA==",
      "license": "MIT",
      "dependencies": {
        "@shopify/admin-api-client": "^0.2.8",
        "@shopify/network": "^3.2.1",
        "@shopify/storefront-api-client": "^0.3.3",
        "compare-versions": "^6.1.0",
        "isbot": "^5.1.4",
        "jose": "^5.2.3",
        "node-fetch": "^2.6.1",
        "tslib": "^2.0.3",
        "uuid": "^9.0.0"
      }
    },
    "node_modules/@shopify/shopify-api/node_modules/@shopify/storefront-api-client": {
      "version": "0.3.4",
      "resolved": "https://registry.npmjs.org/@shopify/storefront-api-client/-/storefront-api-client-0.3.4.tgz",
      "integrity": "sha512-tI9l+qj1VbqdqMX6EfChnX5OVqLKADJDSRmCUHWlmkSCrNVuJtP+ylzJE70bTekeAA0DOJ+tCUZotbvngp4j+Q==",
      "license": "MIT",
      "dependencies": {
        "@shopify/graphql-client": "^0.10.4"
      }
    },
    "node_modules/@shopify/shopify-api/node_modules/isbot": {
      "version": "5.1.17",
      "resolved": "https://registry.npmjs.org/isbot/-/isbot-5.1.17.tgz",
      "integrity": "sha512-/wch8pRKZE+aoVhRX/hYPY1C7dMCeeMyhkQLNLNlYAbGQn9bkvMB8fOUXNnk5I0m4vDYbBJ9ciVtkr9zfBJ7qA==",
      "license": "Unlicense",
      "engines": {
        "node": ">=18"
      }
    },
    "node_modules/@shopify/shopify-app-remix": {
      "version": "2.8.0",
      "resolved": "https://registry.npmjs.org/@shopify/shopify-app-remix/-/shopify-app-remix-2.8.0.tgz",
      "integrity": "sha512-eaaPbaKWc+Kg5YQNkTLcIR9hp7NR9ECmLVx3WO8sHh0oaXmLS8fF/iOJ9olJh5q4i5Q7oJvFWG2Xx1Wj5m6L+g==",
      "license": "MIT",
      "dependencies": {
        "@remix-run/node": "^2.6.0",
        "@remix-run/server-runtime": "^2.5.1",
        "@shopify/admin-api-client": "^0.2.3",
        "@shopify/shopify-api": "^9.7.1",
        "@shopify/shopify-app-session-storage": "^2.1.3",
        "@shopify/storefront-api-client": "^0.2.3",
        "isbot": "^3.7.1",
        "semver": "^7.6.0"
      },
      "peerDependencies": {
        "@remix-run/react": "*",
        "@shopify/polaris": "*",
        "react": "*"
      },
      "peerDependenciesMeta": {
        "@shopify/polaris": {
          "optional": true
        }
      }
    },
    "node_modules/@shopify/shopify-app-session-storage": {
      "version": "2.1.5",
      "resolved": "https://registry.npmjs.org/@shopify/shopify-app-session-storage/-/shopify-app-session-storage-2.1.5.tgz",
      "integrity": "sha512-4fvdjR/b1c0SH8GbBnHTl+ETV69siozI9Z2lbG1xWVJ6mFoBG71nQ3Uf89QfJImnqRR2olPXtS4YFl2Purqp3Q==",
      "license": "MIT",
      "peerDependencies": {
        "@shopify/shopify-api": "^9.7.2 || ^10.0.0"
      }
    },
    "node_modules/@shopify/storefront-api-client": {
      "version": "0.2.4",
      "resolved": "https://registry.npmjs.org/@shopify/storefront-api-client/-/storefront-api-client-0.2.4.tgz",
      "integrity": "sha512-BWlmLgghMwHCSMUoGQhGU35RTqAOzaW86djdTcCU4/gNygEj56mSgH5sb7Rq+5Uiq0N9kX9CMoJY4TSQR2AIbA==",
      "license": "MIT",
      "dependencies": {
        "@shopify/graphql-client": "^0.9.4"
      }
    },
    "node_modules/@shopify/storefront-api-client/node_modules/@shopify/graphql-client": {
      "version": "0.9.4",
      "resolved": "https://registry.npmjs.org/@shopify/graphql-client/-/graphql-client-0.9.4.tgz",
      "integrity": "sha512-6O2FEda9iGpeFftBvicLzgMu3mq0ovfsK3IDz6G89bU5R06YDccdKLF/qyp/bzdl2jsbqvNtgEBL00xx95utPA==",
      "license": "MIT"
    },
    "node_modules/@types/cookie": {
      "version": "0.6.0",
      "resolved": "https://registry.npmjs.org/@types/cookie/-/cookie-0.6.0.tgz",
      "integrity": "sha512-4Kh9a6B2bQciAhf7FSuMRRkUWecJgJu9nPnx3yzpsfXX/c50REIqpHY4C82bXP90qrLtXtkDxTZosYO3UpOwlA==",
      "license": "MIT"
    },
    "node_modules/@web3-storage/multipart-parser": {
      "version": "1.0.0",
      "resolved": "https://registry.npmjs.org/@web3-storage/multipart-parser/-/multipart-parser-1.0.0.tgz",
      "integrity": "sha512-BEO6al7BYqcnfX15W2cnGR+Q566ACXAT9UQykORCWW80lmkpWsnEob6zJS1ZVBKsSJC8+7vJkHwlp+lXG1UCdw==",
      "license": "(Apache-2.0 AND MIT)"
    },
    "node_modules/@zxing/text-encoding": {
      "version": "0.9.0",
      "resolved": "https://registry.npmjs.org/@zxing/text-encoding/-/text-encoding-0.9.0.tgz",
      "integrity": "sha512-U/4aVJ2mxI0aDNI8Uq0wEhMgY+u4CNtEb0om3+y3+niDAsoTCOB33UF0sxpzqzdqXLqmvc+vZyAt4O8pPdfkwA==",
      "license": "(Unlicense OR Apache-2.0)",
      "optional": true
    },
    "node_modules/abort-controller": {
      "version": "3.0.0",
      "resolved": "https://registry.npmjs.org/abort-controller/-/abort-controller-3.0.0.tgz",
      "integrity": "sha512-h8lQ8tacZYnR3vNQTgibj+tODHI5/+l06Au2Pcriv/Gmet0eaj4TwWH41sO9wnHDiQsEj19q0drzdWdeAHtweg==",
      "license": "MIT",
      "dependencies": {
        "event-target-shim": "^5.0.0"
      },
      "engines": {
        "node": ">=6.5"
      }
    },
    "node_modules/available-typed-arrays": {
      "version": "1.0.7",
      "resolved": "https://registry.npmjs.org/available-typed-arrays/-/available-typed-arrays-1.0.7.tgz",
      "integrity": "sha512-wvUjBtSGN7+7SjNpq/9M2Tg350UZD3q62IFZLbRAR1bSMlCo1ZaeW+BJ+D090e4hIIZLBcTDWe4Mh4jvUDajzQ==",
      "license": "MIT",
      "dependencies": {
        "possible-typed-array-names": "^1.0.0"
      },
      "engines": {
        "node": ">= 0.4"
      },
      "funding": {
        "url": "https://github.com/sponsors/ljharb"
      }
    },
    "node_modules/bootstrap": {
      "version": "5.3.3",
      "resolved": "https://registry.npmjs.org/bootstrap/-/bootstrap-5.3.3.tgz",
      "integrity": "sha512-8HLCdWgyoMguSO9o+aH+iuZ+aht+mzW0u3HIMzVu7Srrpv7EBBxTnrFlSCskwdY1+EOFQSm7uMJhNQHkdPcmjg==",
      "funding": [
        {
          "type": "github",
          "url": "https://github.com/sponsors/twbs"
        },
        {
          "type": "opencollective",
          "url": "https://opencollective.com/bootstrap"
        }
      ],
      "license": "MIT",
      "peerDependencies": {
        "@popperjs/core": "^2.11.8"
      }
    },
    "node_modules/buffer-from": {
      "version": "1.1.2",
      "resolved": "https://registry.npmjs.org/buffer-from/-/buffer-from-1.1.2.tgz",
      "integrity": "sha512-E+XQCRwSbaaiChtv6k6Dwgc+bx+Bs6vuKJHHl5kox/BaKbhiXzqQOwK4cO22yElGp2OCmjwVhT3HmxgyPGnJfQ==",
      "license": "MIT"
    },
    "node_modules/call-bind": {
      "version": "1.0.8",
      "resolved": "https://registry.npmjs.org/call-bind/-/call-bind-1.0.8.tgz",
      "integrity": "sha512-oKlSFMcMwpUg2ednkhQ454wfWiU/ul3CkJe/PEHcTKuiX6RpbehUiFMXu13HalGZxfUwCQzZG747YXBn1im9ww==",
      "license": "MIT",
      "dependencies": {
        "call-bind-apply-helpers": "^1.0.0",
        "es-define-property": "^1.0.0",
        "get-intrinsic": "^1.2.4",
        "set-function-length": "^1.2.2"
      },
      "engines": {
        "node": ">= 0.4"
      },
      "funding": {
        "url": "https://github.com/sponsors/ljharb"
      }
    },
    "node_modules/call-bind-apply-helpers": {
      "version": "1.0.0",
      "resolved": "https://registry.npmjs.org/call-bind-apply-helpers/-/call-bind-apply-helpers-1.0.0.tgz",
      "integrity": "sha512-CCKAP2tkPau7D3GE8+V8R6sQubA9R5foIzGp+85EXCVSCivuxBNAWqcpn72PKYiIcqoViv/kcUDpaEIMBVi1lQ==",
      "license": "MIT",
      "dependencies": {
        "es-errors": "^1.3.0",
        "function-bind": "^1.1.2"
      },
      "engines": {
        "node": ">= 0.4"
      }
    },
    "node_modules/compare-versions": {
      "version": "6.1.1",
      "resolved": "https://registry.npmjs.org/compare-versions/-/compare-versions-6.1.1.tgz",
      "integrity": "sha512-4hm4VPpIecmlg59CHXnRDnqGplJFrbLG4aFEl5vl6cK1u76ws3LLvX7ikFnTDl5vo39sjWD6AaDPYodJp/NNHg==",
      "license": "MIT"
    },
    "node_modules/cookie": {
      "version": "0.6.0",
      "resolved": "https://registry.npmjs.org/cookie/-/cookie-0.6.0.tgz",
      "integrity": "sha512-U71cyTamuh1CRNCfpGY6to28lxvNwPG4Guz/EVjgf3Jmzv0vlDp1atT9eS5dDjMYHucpHbWns6Lwf3BKz6svdw==",
      "license": "MIT",
      "engines": {
        "node": ">= 0.6"
      }
    },
    "node_modules/cookie-signature": {
      "version": "1.2.2",
      "resolved": "https://registry.npmjs.org/cookie-signature/-/cookie-signature-1.2.2.tgz",
      "integrity": "sha512-D76uU73ulSXrD1UXF4KE2TMxVVwhsnCgfAyTg9k8P6KGZjlXKrOLe4dJQKI3Bxi5wjesZoFXJWElNWBjPZMbhg==",
      "license": "MIT",
      "engines": {
        "node": ">=6.6.0"
      }
    },
    "node_modules/data-uri-to-buffer": {
      "version": "3.0.1",
      "resolved": "https://registry.npmjs.org/data-uri-to-buffer/-/data-uri-to-buffer-3.0.1.tgz",
      "integrity": "sha512-WboRycPNsVw3B3TL559F7kuBUM4d8CgMEvk6xEJlOp7OBPjt6G7z8WMWlD2rOFZLk6OYfFIUGsCOWzcQH9K2og==",
      "license": "MIT",
      "engines": {
        "node": ">= 6"
      }
    },
    "node_modules/define-data-property": {
      "version": "1.1.4",
      "resolved": "https://registry.npmjs.org/define-data-property/-/define-data-property-1.1.4.tgz",
      "integrity": "sha512-rBMvIzlpA8v6E+SJZoo++HAYqsLrkg7MSfIinMPFhmkorw7X+dOXVJQs+QT69zGkzMyfDnIMN2Wid1+NbL3T+A==",
      "license": "MIT",
      "dependencies": {
        "es-define-property": "^1.0.0",
        "es-errors": "^1.3.0",
        "gopd": "^1.0.1"
      },
      "engines": {
        "node": ">= 0.4"
      },
      "funding": {
        "url": "https://github.com/sponsors/ljharb"
      }
    },
    "node_modules/dunder-proto": {
      "version": "1.0.0",
      "resolved": "https://registry.npmjs.org/dunder-proto/-/dunder-proto-1.0.0.tgz",
      "integrity": "sha512-9+Sj30DIu+4KvHqMfLUGLFYL2PkURSYMVXJyXe92nFRvlYq5hBjLEhblKB+vkd/WVlUYMWigiY07T91Fkk0+4A==",
      "license": "MIT",
      "dependencies": {
        "call-bind-apply-helpers": "^1.0.0",
        "es-errors": "^1.3.0",
        "gopd": "^1.2.0"
      },
      "engines": {
        "node": ">= 0.4"
      }
    },
    "node_modules/es-define-property": {
      "version": "1.0.1",
      "resolved": "https://registry.npmjs.org/es-define-property/-/es-define-property-1.0.1.tgz",
      "integrity": "sha512-e3nRfgfUZ4rNGL232gUgX06QNyyez04KdjFrF+LTRoOXmrOgFKDg4BCdsjW8EnT69eqdYGmRpJwiPVYNrCaW3g==",
      "license": "MIT",
      "engines": {
        "node": ">= 0.4"
      }
    },
    "node_modules/es-errors": {
      "version": "1.3.0",
      "resolved": "https://registry.npmjs.org/es-errors/-/es-errors-1.3.0.tgz",
      "integrity": "sha512-Zf5H2Kxt2xjTvbJvP2ZWLEICxA6j+hAmMzIlypy4xcBg1vKVnx89Wy0GbS+kf5cwCVFFzdCFh2XSCFNULS6csw==",
      "license": "MIT",
      "engines": {
        "node": ">= 0.4"
      }
    },
    "node_modules/event-target-shim": {
      "version": "5.0.1",
      "resolved": "https://registry.npmjs.org/event-target-shim/-/event-target-shim-5.0.1.tgz",
      "integrity": "sha512-i/2XbnSz/uxRCU6+NdVJgKWDTM427+MqYbkQzD321DuCQJUqOuJKIA0IM2+W2xtYHdKOmZ4dR6fExsd4SXL+WQ==",
      "license": "MIT",
      "engines": {
        "node": ">=6"
      }
    },
    "node_modules/for-each": {
      "version": "0.3.3",
      "resolved": "https://registry.npmjs.org/for-each/-/for-each-0.3.3.tgz",
      "integrity": "sha512-jqYfLp7mo9vIyQf8ykW2v7A+2N4QjeCeI5+Dz9XraiO1ign81wjiH7Fb9vSOWvQfNtmSa4H2RoQTrrXivdUZmw==",
      "license": "MIT",
      "dependencies": {
        "is-callable": "^1.1.3"
      }
    },
    "node_modules/function-bind": {
      "version": "1.1.2",
      "resolved": "https://registry.npmjs.org/function-bind/-/function-bind-1.1.2.tgz",
      "integrity": "sha512-7XHNxH7qX9xG5mIwxkhumTox/MIRNcOgDrxWsMt2pAr23WHp6MrRlN7FBSFpCpr+oVO0F744iUgR82nJMfG2SA==",
      "license": "MIT",
      "funding": {
        "url": "https://github.com/sponsors/ljharb"
      }
    },
    "node_modules/get-intrinsic": {
      "version": "1.2.5",
      "resolved": "https://registry.npmjs.org/get-intrinsic/-/get-intrinsic-1.2.5.tgz",
      "integrity": "sha512-Y4+pKa7XeRUPWFNvOOYHkRYrfzW07oraURSvjDmRVOJ748OrVmeXtpE4+GCEHncjCjkTxPNRt8kEbxDhsn6VTg==",
      "license": "MIT",
      "dependencies": {
        "call-bind-apply-helpers": "^1.0.0",
        "dunder-proto": "^1.0.0",
        "es-define-property": "^1.0.1",
        "es-errors": "^1.3.0",
        "function-bind": "^1.1.2",
        "gopd": "^1.2.0",
        "has-symbols": "^1.1.0",
        "hasown": "^2.0.2"
      },
      "engines": {
        "node": ">= 0.4"
      },
      "funding": {
        "url": "https://github.com/sponsors/ljharb"
      }
    },
    "node_modules/gopd": {
      "version": "1.2.0",
      "resolved": "https://registry.npmjs.org/gopd/-/gopd-1.2.0.tgz",
      "integrity": "sha512-ZUKRh6/kUFoAiTAtTYPZJ3hw9wNxx+BIBOijnlG9PnrJsCcSjs1wyyD6vJpaYtgnzDrKYRSqf3OO6Rfa93xsRg==",
      "license": "MIT",
      "engines": {
        "node": ">= 0.4"
      },
      "funding": {
        "url": "https://github.com/sponsors/ljharb"
      }
    },
    "node_modules/has-property-descriptors": {
      "version": "1.0.2",
      "resolved": "https://registry.npmjs.org/has-property-descriptors/-/has-property-descriptors-1.0.2.tgz",
      "integrity": "sha512-55JNKuIW+vq4Ke1BjOTjM2YctQIvCT7GFzHwmfZPGo5wnrgkid0YQtnAleFSqumZm4az3n2BS+erby5ipJdgrg==",
      "license": "MIT",
      "dependencies": {
        "es-define-property": "^1.0.0"
      },
      "funding": {
        "url": "https://github.com/sponsors/ljharb"
      }
    },
    "node_modules/has-symbols": {
      "version": "1.1.0",
      "resolved": "https://registry.npmjs.org/has-symbols/-/has-symbols-1.1.0.tgz",
      "integrity": "sha512-1cDNdwJ2Jaohmb3sg4OmKaMBwuC48sYni5HUw2DvsC8LjGTLK9h+eb1X6RyuOHe4hT0ULCW68iomhjUoKUqlPQ==",
      "license": "MIT",
      "engines": {
        "node": ">= 0.4"
      },
      "funding": {
        "url": "https://github.com/sponsors/ljharb"
      }
    },
    "node_modules/has-tostringtag": {
      "version": "1.0.2",
      "resolved": "https://registry.npmjs.org/has-tostringtag/-/has-tostringtag-1.0.2.tgz",
      "integrity": "sha512-NqADB8VjPFLM2V0VvHUewwwsw0ZWBaIdgo+ieHtK3hasLz4qeCRjYcqfB6AQrBggRKppKF8L52/VqdVsO47Dlw==",
      "license": "MIT",
      "dependencies": {
        "has-symbols": "^1.0.3"
      },
      "engines": {
        "node": ">= 0.4"
      },
      "funding": {
        "url": "https://github.com/sponsors/ljharb"
      }
    },
    "node_modules/hasown": {
      "version": "2.0.2",
      "resolved": "https://registry.npmjs.org/hasown/-/hasown-2.0.2.tgz",
      "integrity": "sha512-0hJU9SCPvmMzIBdZFqNPXWa6dqh7WdH0cII9y+CyS8rG3nL48Bclra9HmKhVVUHyPWNH5Y7xDwAB7bfgSjkUMQ==",
      "license": "MIT",
      "dependencies": {
        "function-bind": "^1.1.2"
      },
      "engines": {
        "node": ">= 0.4"
      }
    },
    "node_modules/inherits": {
      "version": "2.0.4",
      "resolved": "https://registry.npmjs.org/inherits/-/inherits-2.0.4.tgz",
      "integrity": "sha512-k/vGaX4/Yla3WzyMCvTQOXYeIHvqOKtnqBduzTHpzpQZzAskKMhZ2K+EnBiSM9zGSoIFeMpXKxa4dYeZIQqewQ==",
      "license": "ISC"
    },
    "node_modules/is-arguments": {
      "version": "1.1.1",
      "resolved": "https://registry.npmjs.org/is-arguments/-/is-arguments-1.1.1.tgz",
      "integrity": "sha512-8Q7EARjzEnKpt/PCD7e1cgUS0a6X8u5tdSiMqXhojOdoV9TsMsiO+9VLC5vAmO8N7/GmXn7yjR8qnA6bVAEzfA==",
      "license": "MIT",
      "dependencies": {
        "call-bind": "^1.0.2",
        "has-tostringtag": "^1.0.0"
      },
      "engines": {
        "node": ">= 0.4"
      },
      "funding": {
        "url": "https://github.com/sponsors/ljharb"
      }
    },
    "node_modules/is-callable": {
      "version": "1.2.7",
      "resolved": "https://registry.npmjs.org/is-callable/-/is-callable-1.2.7.tgz",
      "integrity": "sha512-1BC0BVFhS/p0qtw6enp8e+8OD0UrK0oFLztSjNzhcKA3WDuJxxAPXzPuPtKkjEY9UUoEWlX/8fgKeu2S8i9JTA==",
      "license": "MIT",
      "engines": {
        "node": ">= 0.4"
      },
      "funding": {
        "url": "https://github.com/sponsors/ljharb"
      }
    },
    "node_modules/is-generator-function": {
      "version": "1.0.10",
      "resolved": "https://registry.npmjs.org/is-generator-function/-/is-generator-function-1.0.10.tgz",
      "integrity": "sha512-jsEjy9l3yiXEQ+PsXdmBwEPcOxaXWLspKdplFUVI9vq1iZgIekeC0L167qeu86czQaxed3q/Uzuw0swL0irL8A==",
      "license": "MIT",
      "dependencies": {
        "has-tostringtag": "^1.0.0"
      },
      "engines": {
        "node": ">= 0.4"
      },
      "funding": {
        "url": "https://github.com/sponsors/ljharb"
      }
    },
    "node_modules/is-typed-array": {
      "version": "1.1.13",
      "resolved": "https://registry.npmjs.org/is-typed-array/-/is-typed-array-1.1.13.tgz",
      "integrity": "sha512-uZ25/bUAlUY5fR4OKT4rZQEBrzQWYV9ZJYGGsUmEJ6thodVJ1HX64ePQ6Z0qPWP+m+Uq6e9UugrE38jeYsDSMw==",
      "license": "MIT",
      "dependencies": {
        "which-typed-array": "^1.1.14"
      },
      "engines": {
        "node": ">= 0.4"
      },
      "funding": {
        "url": "https://github.com/sponsors/ljharb"
      }
    },
    "node_modules/isbot": {
      "version": "3.8.0",
      "resolved": "https://registry.npmjs.org/isbot/-/isbot-3.8.0.tgz",
      "integrity": "sha512-vne1mzQUTR+qsMLeCBL9+/tgnDXRyc2pygLGl/WsgA+EZKIiB5Ehu0CiVTHIIk30zhJ24uGz4M5Ppse37aR0Hg==",
      "license": "Unlicense",
      "engines": {
        "node": ">=12"
      }
    },
    "node_modules/jose": {
      "version": "5.9.6",
      "resolved": "https://registry.npmjs.org/jose/-/jose-5.9.6.tgz",
      "integrity": "sha512-AMlnetc9+CV9asI19zHmrgS/WYsWUwCn2R7RzlbJWD7F9eWYUTGyBmU9o6PxngtLGOiDGPRu+Uc4fhKzbpteZQ==",
      "license": "MIT",
      "funding": {
        "url": "https://github.com/sponsors/panva"
      }
    },
    "node_modules/js-tokens": {
      "version": "4.0.0",
      "resolved": "https://registry.npmjs.org/js-tokens/-/js-tokens-4.0.0.tgz",
      "integrity": "sha512-RdJUflcE3cUzKiMqQgsCu06FPu9UdIJO0beYbPhHN4k6apgJtifcoCtT9bcxOpYBtpD2kCM6Sbzg4CausW/PKQ==",
      "license": "MIT",
      "peer": true
    },
    "node_modules/loose-envify": {
      "version": "1.4.0",
      "resolved": "https://registry.npmjs.org/loose-envify/-/loose-envify-1.4.0.tgz",
      "integrity": "sha512-lyuxPGr/Wfhrlem2CL/UcnUc1zcqKAImBDzukY7Y5F/yQiNdko6+fRLevlw1HgMySw7f611UIY408EtxRSoK3Q==",
      "license": "MIT",
      "peer": true,
      "dependencies": {
        "js-tokens": "^3.0.0 || ^4.0.0"
      },
      "bin": {
        "loose-envify": "cli.js"
      }
    },
    "node_modules/mrmime": {
      "version": "1.0.1",
      "resolved": "https://registry.npmjs.org/mrmime/-/mrmime-1.0.1.tgz",
      "integrity": "sha512-hzzEagAgDyoU1Q6yg5uI+AorQgdvMCur3FcKf7NhMKWsaYg+RnbTyHRa/9IlLF9rf455MOCtcqqrQQ83pPP7Uw==",
      "license": "MIT",
      "engines": {
        "node": ">=10"
      }
    },
    "node_modules/node-fetch": {
      "version": "2.7.0",
      "resolved": "https://registry.npmjs.org/node-fetch/-/node-fetch-2.7.0.tgz",
      "integrity": "sha512-c4FRfUm/dbcWZ7U+1Wq0AwCyFL+3nt2bEw05wfxSz+DWpWsitgmSgYmy2dQdWyKC1694ELPqMs/YzUSNozLt8A==",
      "license": "MIT",
      "dependencies": {
        "whatwg-url": "^5.0.0"
      },
      "engines": {
        "node": "4.x || >=6.0.0"
      },
      "peerDependencies": {
        "encoding": "^0.1.0"
      },
      "peerDependenciesMeta": {
        "encoding": {
          "optional": true
        }
      }
    },
    "node_modules/node.js": {
      "version": "0.0.1-security",
      "resolved": "https://registry.npmjs.org/node.js/-/node.js-0.0.1-security.tgz",
      "integrity": "sha512-8tWQiyg/3ggdLTrtfgj/NxmZpC20eB1U5VNkqt2dbelpcr3NrfjpEE3DgifpBOCJ4Xu9Obvu8iju63ViQW3Hvg=="
    },
    "node_modules/possible-typed-array-names": {
      "version": "1.0.0",
      "resolved": "https://registry.npmjs.org/possible-typed-array-names/-/possible-typed-array-names-1.0.0.tgz",
      "integrity": "sha512-d7Uw+eZoloe0EHDIYoe+bQ5WXnGMOpmiZFTuMWCwpjzzkL2nTjcKiAk4hh8TjnGye2TwWOk3UXucZ+3rbmBa8Q==",
      "license": "MIT",
      "engines": {
        "node": ">= 0.4"
      }
    },
    "node_modules/react": {
      "version": "18.3.1",
      "resolved": "https://registry.npmjs.org/react/-/react-18.3.1.tgz",
      "integrity": "sha512-wS+hAgJShR0KhEvPJArfuPVN1+Hz1t0Y6n5jLrGQbkb4urgPE/0Rve+1kMB1v/oWgHgm4WIcV+i7F2pTVj+2iQ==",
      "license": "MIT",
      "peer": true,
      "dependencies": {
        "loose-envify": "^1.1.0"
      },
      "engines": {
        "node": ">=0.10.0"
      }
    },
    "node_modules/react-dom": {
      "version": "18.3.1",
      "resolved": "https://registry.npmjs.org/react-dom/-/react-dom-18.3.1.tgz",
      "integrity": "sha512-5m4nQKp+rZRb09LNH59GM4BxTh9251/ylbKIbpe7TpGxfJ+9kv6BLkLBXIjjspbgbnIBNqlI23tRnTWT0snUIw==",
      "license": "MIT",
      "peer": true,
      "dependencies": {
        "loose-envify": "^1.1.0",
        "scheduler": "^0.23.2"
      },
      "peerDependencies": {
        "react": "^18.3.1"
      }
    },
    "node_modules/react-router": {
      "version": "6.28.0",
      "resolved": "https://registry.npmjs.org/react-router/-/react-router-6.28.0.tgz",
      "integrity": "sha512-HrYdIFqdrnhDw0PqG/AKjAqEqM7AvxCz0DQ4h2W8k6nqmc5uRBYDag0SBxx9iYz5G8gnuNVLzUe13wl9eAsXXg==",
      "license": "MIT",
      "peer": true,
      "dependencies": {
        "@remix-run/router": "1.21.0"
      },
      "engines": {
        "node": ">=14.0.0"
      },
      "peerDependencies": {
        "react": ">=16.8"
      }
    },
    "node_modules/react-router-dom": {
      "version": "6.28.0",
      "resolved": "https://registry.npmjs.org/react-router-dom/-/react-router-dom-6.28.0.tgz",
      "integrity": "sha512-kQ7Unsl5YdyOltsPGl31zOjLrDv+m2VcIEcIHqYYD3Lp0UppLjrzcfJqDJwXxFw3TH/yvapbnUvPlAj7Kx5nbg==",
      "license": "MIT",
      "peer": true,
      "dependencies": {
        "@remix-run/router": "1.21.0",
        "react-router": "6.28.0"
      },
      "engines": {
        "node": ">=14.0.0"
      },
      "peerDependencies": {
        "react": ">=16.8",
        "react-dom": ">=16.8"
      }
    },
    "node_modules/scheduler": {
      "version": "0.23.2",
      "resolved": "https://registry.npmjs.org/scheduler/-/scheduler-0.23.2.tgz",
      "integrity": "sha512-UOShsPwz7NrMUqhR6t0hWjFduvOzbtv7toDH1/hIrfRNIDBnnBWd0CwJTGvTpngVlmwGCdP9/Zl/tVrDqcuYzQ==",
      "license": "MIT",
      "peer": true,
      "dependencies": {
        "loose-envify": "^1.1.0"
      }
    },
    "node_modules/semver": {
      "version": "7.6.3",
      "resolved": "https://registry.npmjs.org/semver/-/semver-7.6.3.tgz",
      "integrity": "sha512-oVekP1cKtI+CTDvHWYFUcMtsK/00wmAEfyqKfNdARm8u1wNVhSgaX7A8d4UuIlUI5e84iEwOhs7ZPYRmzU9U6A==",
      "license": "ISC",
      "bin": {
        "semver": "bin/semver.js"
      },
      "engines": {
        "node": ">=10"
      }
    },
    "node_modules/set-cookie-parser": {
      "version": "2.7.1",
      "resolved": "https://registry.npmjs.org/set-cookie-parser/-/set-cookie-parser-2.7.1.tgz",
      "integrity": "sha512-IOc8uWeOZgnb3ptbCURJWNjWUPcO3ZnTTdzsurqERrP6nPyv+paC55vJM0LpOlT2ne+Ix+9+CRG1MNLlyZ4GjQ==",
      "license": "MIT"
    },
    "node_modules/set-function-length": {
      "version": "1.2.2",
      "resolved": "https://registry.npmjs.org/set-function-length/-/set-function-length-1.2.2.tgz",
      "integrity": "sha512-pgRc4hJ4/sNjWCSS9AmnS40x3bNMDTknHgL5UaMBTMyJnU90EgWh1Rz+MC9eFu4BuN/UwZjKQuY/1v3rM7HMfg==",
      "license": "MIT",
      "dependencies": {
        "define-data-property": "^1.1.4",
        "es-errors": "^1.3.0",
        "function-bind": "^1.1.2",
        "get-intrinsic": "^1.2.4",
        "gopd": "^1.0.1",
        "has-property-descriptors": "^1.0.2"
      },
      "engines": {
        "node": ">= 0.4"
      }
    },
    "node_modules/source-map": {
      "version": "0.7.4",
      "resolved": "https://registry.npmjs.org/source-map/-/source-map-0.7.4.tgz",
      "integrity": "sha512-l3BikUxvPOcn5E74dZiq5BGsTb5yEwhaTSzccU6t4sDOH8NWJCstKO5QT2CvtFoK6F0saL7p9xHAqHOlCPJygA==",
      "license": "BSD-3-Clause",
      "engines": {
        "node": ">= 8"
      }
    },
    "node_modules/source-map-support": {
      "version": "0.5.21",
      "resolved": "https://registry.npmjs.org/source-map-support/-/source-map-support-0.5.21.tgz",
      "integrity": "sha512-uBHU3L3czsIyYXKX88fdrGovxdSCoTGDRZ6SYXtSRxLZUzHg5P/66Ht6uoUlHu9EZod+inXhKo3qQgwXUT/y1w==",
      "license": "MIT",
      "dependencies": {
        "buffer-from": "^1.0.0",
        "source-map": "^0.6.0"
      }
    },
    "node_modules/source-map-support/node_modules/source-map": {
      "version": "0.6.1",
      "resolved": "https://registry.npmjs.org/source-map/-/source-map-0.6.1.tgz",
      "integrity": "sha512-UjgapumWlbMhkBgzT7Ykc5YXUT46F0iKu8SGXq0bcwP5dz/h0Plj6enJqjz1Zbq2l5WaqYnrVbwWOWMyF3F47g==",
      "license": "BSD-3-Clause",
      "engines": {
        "node": ">=0.10.0"
      }
    },
    "node_modules/stream-slice": {
      "version": "0.1.2",
      "resolved": "https://registry.npmjs.org/stream-slice/-/stream-slice-0.1.2.tgz",
      "integrity": "sha512-QzQxpoacatkreL6jsxnVb7X5R/pGw9OUv2qWTYWnmLpg4NdN31snPy/f3TdQE1ZUXaThRvj1Zw4/OGg0ZkaLMA==",
      "license": "MIT"
    },
    "node_modules/tr46": {
      "version": "0.0.3",
      "resolved": "https://registry.npmjs.org/tr46/-/tr46-0.0.3.tgz",
      "integrity": "sha512-N3WMsuqV66lT30CrXNbEjx4GEwlow3v6rr4mCcv6prnfwhS01rkgyFdjPNBYd9br7LpXV1+Emh01fHnq2Gdgrw==",
      "license": "MIT"
    },
    "node_modules/tslib": {
      "version": "2.8.1",
      "resolved": "https://registry.npmjs.org/tslib/-/tslib-2.8.1.tgz",
      "integrity": "sha512-oJFu94HQb+KVduSUQL7wnpmqnfmLsOA/nAh6b6EH0wCEoK0/mPeXU6c3wKDV83MkOuHPRHtSXKKU99IBazS/2w==",
      "license": "0BSD"
    },
    "node_modules/turbo-stream": {
      "version": "2.4.0",
      "resolved": "https://registry.npmjs.org/turbo-stream/-/turbo-stream-2.4.0.tgz",
      "integrity": "sha512-FHncC10WpBd2eOmGwpmQsWLDoK4cqsA/UT/GqNoaKOQnT8uzhtCbg3EoUDMvqpOSAI0S26mr0rkjzbOO6S3v1g==",
      "license": "ISC"
    },
    "node_modules/undici": {
      "version": "6.21.0",
      "resolved": "https://registry.npmjs.org/undici/-/undici-6.21.0.tgz",
      "integrity": "sha512-BUgJXc752Kou3oOIuU1i+yZZypyZRqNPW0vqoMPl8VaoalSfeR0D8/t4iAS3yirs79SSMTxTag+ZC86uswv+Cw==",
      "license": "MIT",
      "engines": {
        "node": ">=18.17"
      }
    },
    "node_modules/util": {
      "version": "0.12.5",
      "resolved": "https://registry.npmjs.org/util/-/util-0.12.5.tgz",
      "integrity": "sha512-kZf/K6hEIrWHI6XqOFUiiMa+79wE/D8Q+NCNAWclkyg3b4d2k7s0QGepNjiABc+aR3N1PAyHL7p6UcLY6LmrnA==",
      "license": "MIT",
      "dependencies": {
        "inherits": "^2.0.3",
        "is-arguments": "^1.0.4",
        "is-generator-function": "^1.0.7",
        "is-typed-array": "^1.1.3",
        "which-typed-array": "^1.1.2"
      }
    },
    "node_modules/uuid": {
      "version": "9.0.1",
      "resolved": "https://registry.npmjs.org/uuid/-/uuid-9.0.1.tgz",
      "integrity": "sha512-b+1eJOlsR9K8HJpow9Ok3fiWOWSIcIzXodvv0rQjVoOVNpWMpxf1wZNpt4y9h10odCNrqnYp1OBzRktckBe3sA==",
      "funding": [
        "https://github.com/sponsors/broofa",
        "https://github.com/sponsors/ctavan"
      ],
      "license": "MIT",
      "bin": {
        "uuid": "dist/bin/uuid"
      }
    },
    "node_modules/web-encoding": {
      "version": "1.1.5",
      "resolved": "https://registry.npmjs.org/web-encoding/-/web-encoding-1.1.5.tgz",
      "integrity": "sha512-HYLeVCdJ0+lBYV2FvNZmv3HJ2Nt0QYXqZojk3d9FJOLkwnuhzM9tmamh8d7HPM8QqjKH8DeHkFTx+CFlWpZZDA==",
      "license": "MIT",
      "dependencies": {
        "util": "^0.12.3"
      },
      "optionalDependencies": {
        "@zxing/text-encoding": "0.9.0"
      }
    },
    "node_modules/web-streams-polyfill": {
      "version": "3.3.3",
      "resolved": "https://registry.npmjs.org/web-streams-polyfill/-/web-streams-polyfill-3.3.3.tgz",
      "integrity": "sha512-d2JWLCivmZYTSIoge9MsgFCZrt571BikcWGYkjC1khllbTeDlGqZ2D8vD8E/lJa8WGWbb7Plm8/XJYV7IJHZZw==",
      "license": "MIT",
      "engines": {
        "node": ">= 8"
      }
    },
    "node_modules/webidl-conversions": {
      "version": "3.0.1",
      "resolved": "https://registry.npmjs.org/webidl-conversions/-/webidl-conversions-3.0.1.tgz",
      "integrity": "sha512-2JAn3z8AR6rjK8Sm8orRC0h/bcl/DqL7tRPdGZ4I1CjdF+EaMLmYxBHyXuKL849eucPFhvBoxMsflfOb8kxaeQ==",
      "license": "BSD-2-Clause"
    },
    "node_modules/whatwg-url": {
      "version": "5.0.0",
      "resolved": "https://registry.npmjs.org/whatwg-url/-/whatwg-url-5.0.0.tgz",
      "integrity": "sha512-saE57nupxk6v3HY35+jzBwYa0rKSy0XR8JSxZPwgLr7ys0IBzhGviA1/TUGJLmSVqs8pb9AnvICXEuOHLprYTw==",
      "license": "MIT",
      "dependencies": {
        "tr46": "~0.0.3",
        "webidl-conversions": "^3.0.0"
      }
    },
    "node_modules/which-typed-array": {
      "version": "1.1.16",
      "resolved": "https://registry.npmjs.org/which-typed-array/-/which-typed-array-1.1.16.tgz",
      "integrity": "sha512-g+N+GAWiRj66DngFwHvISJd+ITsyphZvD1vChfVg6cEdnzy53GzB3oy0fUNlvhz7H7+MiqhYr26qxQShCpKTTQ==",
      "license": "MIT",
      "dependencies": {
        "available-typed-arrays": "^1.0.7",
        "call-bind": "^1.0.7",
        "for-each": "^0.3.3",
        "gopd": "^1.0.1",
        "has-tostringtag": "^1.0.2"
      },
      "engines": {
        "node": ">= 0.4"
      },
      "funding": {
        "url": "https://github.com/sponsors/ljharb"
      }
    }
  }
}
